
Microsoft Visual Studio Solution File, Format Version 12.00
# Visual Studio 15
VisualStudioVersion = 15.0.27130.2024
MinimumVisualStudioVersion = 10.0.40219.1
Project("{8BC9CEB8-8B4A-11D0-8D11-00A0C91BC942}") = "ConsoleApplication1", "ConsoleApplication1\ConsoleApplication1.vcxproj", "{F99BB25E-50AA-4EC1-9D04-D7192D676916}"
EndProject
Global
	GlobalSection(SolutionConfigurationPlatforms) = preSolution
		Debug|x64 = Debug|x64
		Debug|x86 = Debug|x86
		Release|x64 = Release|x64
		Release|x86 = Release|x86
	EndGlobalSection
	GlobalSection(ProjectConfigurationPlatforms) = postSolution
		{F99BB25E-50AA-4EC1-9D04-D7192D676916}.Debug|x64.ActiveCfg = Debug|x64
		{F99BB25E-50AA-4EC1-9D04-D7192D676916}.Debug|x64.Build.0 = Debug|x64
		{F99BB25E-50AA-4EC1-9D04-D7192D676916}.Debug|x86.ActiveCfg = Debug|Win32
		{F99BB25E-50AA-4EC1-9D04-D7192D676916}.Debug|x86.Build.0 = Debug|Win32
		{F99BB25E-50AA-4EC1-9D04-D7192D676916}.Release|x64.ActiveCfg = Release|x64
		{F99BB25E-50AA-4EC1-9D04-D7192D676916}.Release|x64.Build.0 = Release|x64
		{F99BB25E-50AA-4EC1-9D04-D7192D676916}.Release|x86.ActiveCfg = Release|Win32
		{F99BB25E-50AA-4EC1-9D04-D7192D676916}.Release|x86.Build.0 = Release|Win32
	EndGlobalSection
	GlobalSection(SolutionProperties) = preSolution
		HideSolutionNode = FALSE
	EndGlobalSection
	GlobalSection(ExtensibilityGlobals) = postSolution
		SolutionGuid = {D10529A9-C4ED-4723-BD4D-076E7B42BC2C}
	EndGlobalSection
EndGlobal
